
Microsoft Visual Studio Solution File, Format Version 12.00
# Visual Studio 15
VisualStudioVersion = 15.0.27428.2037
MinimumVisualStudioVersion = 10.0.40219.1
Project("{FAE04EC0-301F-11D3-BF4B-00C04F79EFBC}") = "PhotoBrowser", "PhotoBrowser\PhotoBrowser.csproj", "{C2349487-8636-4C2F-908A-8542DCCCE09A}"
EndProject
Global
	GlobalSection(SolutionConfigurationPlatforms) = preSolution
		Debug|Any CPU = Debug|Any CPU
		Release|Any CPU = Release|Any CPU
	EndGlobalSection
	GlobalSection(ProjectConfigurationPlatforms) = postSolution
		{C2349487-8636-4C2F-908A-8542DCCCE09A}.Debug|Any CPU.ActiveCfg = Debug|Any CPU
		{C2349487-8636-4C2F-908A-8542DCCCE09A}.Debug|Any CPU.Build.0 = Debug|Any CPU
		{C2349487-8636-4C2F-908A-8542DCCCE09A}.Release|Any CPU.ActiveCfg = Release|Any CPU
		{C2349487-8636-4C2F-908A-8542DCCCE09A}.Release|Any CPU.Build.0 = Release|Any CPU
	EndGlobalSection
	GlobalSection(SolutionProperties) = preSolution
		HideSolutionNode = FALSE
	EndGlobalSection
	GlobalSection(ExtensibilityGlobals) = postSolution
		SolutionGuid = {9EC22972-7E58-42CA-97D7-BC9514B50DA9}
	EndGlobalSection
EndGlobal
